
Microsoft Visual Studio Solution File, Format Version 12.00
# Visual Studio Version 16
VisualStudioVersion = 16.0.29326.143
MinimumVisualStudioVersion = 10.0.40219.1
Project("{FAE04EC0-301F-11D3-BF4B-00C04F79EFBC}") = "OffsetLimitDynamoDB_POC", "OffsetLimitDynamoDB_POC\OffsetLimitDynamoDB_POC.csproj", "{E69BDD14-AEF1-4254-B2AF-1BAEA6F7D19C}"
EndProject
Global
	GlobalSection(SolutionConfigurationPlatforms) = preSolution
		Debug|Any CPU = Debug|Any CPU
		Release|Any CPU = Release|Any CPU
	EndGlobalSection
	GlobalSection(ProjectConfigurationPlatforms) = postSolution
		{E69BDD14-AEF1-4254-B2AF-1BAEA6F7D19C}.Debug|Any CPU.ActiveCfg = Debug|Any CPU
		{E69BDD14-AEF1-4254-B2AF-1BAEA6F7D19C}.Debug|Any CPU.Build.0 = Debug|Any CPU
		{E69BDD14-AEF1-4254-B2AF-1BAEA6F7D19C}.Release|Any CPU.ActiveCfg = Release|Any CPU
		{E69BDD14-AEF1-4254-B2AF-1BAEA6F7D19C}.Release|Any CPU.Build.0 = Release|Any CPU
	EndGlobalSection
	GlobalSection(SolutionProperties) = preSolution
		HideSolutionNode = FALSE
	EndGlobalSection
	GlobalSection(ExtensibilityGlobals) = postSolution
		SolutionGuid = {798AF945-2CA6-4C20-9907-F19901A99F23}
	EndGlobalSection
EndGlobal
